
Microsoft Visual Studio Solution File, Format Version 10.00
# Visual Studio 2008
Project("{2150E333-8FDC-42A3-9474-1A3956D46DE8}") = "protocols", "protocols", "{47DED754-B877-4B52-9620-D00F11A2E5FE}"
EndProject
Project("{2150E333-8FDC-42A3-9474-1A3956D46DE8}") = "utils", "utils", "{3BE5E00F-249C-472B-8C3A-530F17B1F97C}"
EndProject
Project("{2150E333-8FDC-42A3-9474-1A3956D46DE8}") = "mule", "mule", "{4C574942-D3F0-4F65-8AA7-D2B516ACCD06}"
EndProject
Project("{2150E333-8FDC-42A3-9474-1A3956D46DE8}") = "kad", "kad", "{0B343201-47E9-4349-8703-E4DEBF72A61A}"
EndProject
Project("{FAE04EC0-301F-11D3-BF4B-00C04F79EFBC}") = "Kademlia", "src\protocols\kad\Kademlia\Kademlia.csproj", "{8B4779AF-0803-4F5A-85FD-4D3CD32E6B91}"
EndProject
Project("{FAE04EC0-301F-11D3-BF4B-00C04F79EFBC}") = "Mule.Core", "src\protocols\mule\Mule.Core\Mule.Core.csproj", "{343924DA-C1E3-448F-A49B-52F058876F48}"
EndProject
Project("{FAE04EC0-301F-11D3-BF4B-00C04F79EFBC}") = "CryptoPP", "src\utils\CryptoPP\CryptoPP.csproj", "{7D22200A-DE72-47FB-873D-289F067664EB}"
EndProject
Project("{FAE04EC0-301F-11D3-BF4B-00C04F79EFBC}") = "Mule.AICH", "src\protocols\mule\Mult.AICH\Mule.AICH.csproj", "{0791661F-B28A-4E8A-B62D-650E7891AA4A}"
EndProject
Project("{FAE04EC0-301F-11D3-BF4B-00C04F79EFBC}") = "Mpd.Utilities", "src\utils\Mpd.Utilities\Mpd.Utilities.csproj", "{83F23617-D814-4C73-ABEA-CDC36AC6390C}"
EndProject
Project("{FAE04EC0-301F-11D3-BF4B-00C04F79EFBC}") = "Mule.ED2K", "src\protocols\mule\Mule.ED2K\Mule.ED2K.csproj", "{657EE7A6-8225-4D45-85A9-81CF49AC6821}"
EndProject
Project("{FAE04EC0-301F-11D3-BF4B-00C04F79EFBC}") = "Mule.File", "src\protocols\mule\Mule.File\Mule.File.csproj", "{92AF81B4-BBB9-4D27-A683-B40D6C2191DF}"
EndProject
Project("{FAE04EC0-301F-11D3-BF4B-00C04F79EFBC}") = "Mule.Network", "src\protocols\mule\Mule.Network\Mule.Network.csproj", "{0607E40F-0382-4E55-9F7A-1C2C5DAC386E}"
EndProject
Project("{FAE04EC0-301F-11D3-BF4B-00C04F79EFBC}") = "Mpd.Generic", "src\utils\Mpd.Generic\Mpd.Generic.csproj", "{E3CBC258-D859-48C8-8796-C2B6D69ECC45}"
EndProject
Project("{FAE04EC0-301F-11D3-BF4B-00C04F79EFBC}") = "Mule.Preference", "src\protocols\mule\Mule.Preference\Mule.Preference.csproj", "{7C8BA2B1-6367-4365-8631-6E388614EC10}"
EndProject
Project("{FAE04EC0-301F-11D3-BF4B-00C04F79EFBC}") = "Mule", "src\protocols\mule\Mule\Mule.csproj", "{0D8AB11F-6731-4EE2-B4F8-338DE37E44B1}"
EndProject
Global
	GlobalSection(SolutionConfigurationPlatforms) = preSolution
		Debug|Any CPU = Debug|Any CPU
		Release|Any CPU = Release|Any CPU
	EndGlobalSection
	GlobalSection(ProjectConfigurationPlatforms) = postSolution
		{8B4779AF-0803-4F5A-85FD-4D3CD32E6B91}.Debug|Any CPU.ActiveCfg = Debug|Any CPU
		{8B4779AF-0803-4F5A-85FD-4D3CD32E6B91}.Debug|Any CPU.Build.0 = Debug|Any CPU
		{8B4779AF-0803-4F5A-85FD-4D3CD32E6B91}.Release|Any CPU.ActiveCfg = Release|Any CPU
		{8B4779AF-0803-4F5A-85FD-4D3CD32E6B91}.Release|Any CPU.Build.0 = Release|Any CPU
		{343924DA-C1E3-448F-A49B-52F058876F48}.Debug|Any CPU.ActiveCfg = Debug|Any CPU
		{343924DA-C1E3-448F-A49B-52F058876F48}.Debug|Any CPU.Build.0 = Debug|Any CPU
		{343924DA-C1E3-448F-A49B-52F058876F48}.Release|Any CPU.ActiveCfg = Release|Any CPU
		{343924DA-C1E3-448F-A49B-52F058876F48}.Release|Any CPU.Build.0 = Release|Any CPU
		{7D22200A-DE72-47FB-873D-289F067664EB}.Debug|Any CPU.ActiveCfg = Debug|Any CPU
		{7D22200A-DE72-47FB-873D-289F067664EB}.Debug|Any CPU.Build.0 = Debug|Any CPU
		{7D22200A-DE72-47FB-873D-289F067664EB}.Release|Any CPU.ActiveCfg = Release|Any CPU
		{7D22200A-DE72-47FB-873D-289F067664EB}.Release|Any CPU.Build.0 = Release|Any CPU
		{0791661F-B28A-4E8A-B62D-650E7891AA4A}.Debug|Any CPU.ActiveCfg = Debug|Any CPU
		{0791661F-B28A-4E8A-B62D-650E7891AA4A}.Debug|Any CPU.Build.0 = Debug|Any CPU
		{0791661F-B28A-4E8A-B62D-650E7891AA4A}.Release|Any CPU.ActiveCfg = Release|Any CPU
		{0791661F-B28A-4E8A-B62D-650E7891AA4A}.Release|Any CPU.Build.0 = Release|Any CPU
		{83F23617-D814-4C73-ABEA-CDC36AC6390C}.Debug|Any CPU.ActiveCfg = Debug|Any CPU
		{83F23617-D814-4C73-ABEA-CDC36AC6390C}.Debug|Any CPU.Build.0 = Debug|Any CPU
		{83F23617-D814-4C73-ABEA-CDC36AC6390C}.Release|Any CPU.ActiveCfg = Release|Any CPU
		{83F23617-D814-4C73-ABEA-CDC36AC6390C}.Release|Any CPU.Build.0 = Release|Any CPU
		{657EE7A6-8225-4D45-85A9-81CF49AC6821}.Debug|Any CPU.ActiveCfg = Debug|Any CPU
		{657EE7A6-8225-4D45-85A9-81CF49AC6821}.Debug|Any CPU.Build.0 = Debug|Any CPU
		{657EE7A6-8225-4D45-85A9-81CF49AC6821}.Release|Any CPU.ActiveCfg = Release|Any CPU
		{657EE7A6-8225-4D45-85A9-81CF49AC6821}.Release|Any CPU.Build.0 = Release|Any CPU
		{92AF81B4-BBB9-4D27-A683-B40D6C2191DF}.Debug|Any CPU.ActiveCfg = Debug|Any CPU
		{92AF81B4-BBB9-4D27-A683-B40D6C2191DF}.Debug|Any CPU.Build.0 = Debug|Any CPU
		{92AF81B4-BBB9-4D27-A683-B40D6C2191DF}.Release|Any CPU.ActiveCfg = Release|Any CPU
		{92AF81B4-BBB9-4D27-A683-B40D6C2191DF}.Release|Any CPU.Build.0 = Release|Any CPU
		{0607E40F-0382-4E55-9F7A-1C2C5DAC386E}.Debug|Any CPU.ActiveCfg = Debug|Any CPU
		{0607E40F-0382-4E55-9F7A-1C2C5DAC386E}.Debug|Any CPU.Build.0 = Debug|Any CPU
		{0607E40F-0382-4E55-9F7A-1C2C5DAC386E}.Release|Any CPU.ActiveCfg = Release|Any CPU
		{0607E40F-0382-4E55-9F7A-1C2C5DAC386E}.Release|Any CPU.Build.0 = Release|Any CPU
		{E3CBC258-D859-48C8-8796-C2B6D69ECC45}.Debug|Any CPU.ActiveCfg = Debug|Any CPU
		{E3CBC258-D859-48C8-8796-C2B6D69ECC45}.Debug|Any CPU.Build.0 = Debug|Any CPU
		{E3CBC258-D859-48C8-8796-C2B6D69ECC45}.Release|Any CPU.ActiveCfg = Release|Any CPU
		{E3CBC258-D859-48C8-8796-C2B6D69ECC45}.Release|Any CPU.Build.0 = Release|Any CPU
		{7C8BA2B1-6367-4365-8631-6E388614EC10}.Debug|Any CPU.ActiveCfg = Debug|Any CPU
		{7C8BA2B1-6367-4365-8631-6E388614EC10}.Debug|Any CPU.Build.0 = Debug|Any CPU
		{7C8BA2B1-6367-4365-8631-6E388614EC10}.Release|Any CPU.ActiveCfg = Release|Any CPU
		{7C8BA2B1-6367-4365-8631-6E388614EC10}.Release|Any CPU.Build.0 = Release|Any CPU
		{0D8AB11F-6731-4EE2-B4F8-338DE37E44B1}.Debug|Any CPU.ActiveCfg = Debug|Any CPU
		{0D8AB11F-6731-4EE2-B4F8-338DE37E44B1}.Debug|Any CPU.Build.0 = Debug|Any CPU
		{0D8AB11F-6731-4EE2-B4F8-338DE37E44B1}.Release|Any CPU.ActiveCfg = Release|Any CPU
		{0D8AB11F-6731-4EE2-B4F8-338DE37E44B1}.Release|Any CPU.Build.0 = Release|Any CPU
	EndGlobalSection
	GlobalSection(SolutionProperties) = preSolution
		HideSolutionNode = FALSE
	EndGlobalSection
	GlobalSection(NestedProjects) = preSolution
		{4C574942-D3F0-4F65-8AA7-D2B516ACCD06} = {47DED754-B877-4B52-9620-D00F11A2E5FE}
		{0B343201-47E9-4349-8703-E4DEBF72A61A} = {47DED754-B877-4B52-9620-D00F11A2E5FE}
		{7D22200A-DE72-47FB-873D-289F067664EB} = {3BE5E00F-249C-472B-8C3A-530F17B1F97C}
		{83F23617-D814-4C73-ABEA-CDC36AC6390C} = {3BE5E00F-249C-472B-8C3A-530F17B1F97C}
		{E3CBC258-D859-48C8-8796-C2B6D69ECC45} = {3BE5E00F-249C-472B-8C3A-530F17B1F97C}
		{343924DA-C1E3-448F-A49B-52F058876F48} = {4C574942-D3F0-4F65-8AA7-D2B516ACCD06}
		{0791661F-B28A-4E8A-B62D-650E7891AA4A} = {4C574942-D3F0-4F65-8AA7-D2B516ACCD06}
		{657EE7A6-8225-4D45-85A9-81CF49AC6821} = {4C574942-D3F0-4F65-8AA7-D2B516ACCD06}
		{92AF81B4-BBB9-4D27-A683-B40D6C2191DF} = {4C574942-D3F0-4F65-8AA7-D2B516ACCD06}
		{0607E40F-0382-4E55-9F7A-1C2C5DAC386E} = {4C574942-D3F0-4F65-8AA7-D2B516ACCD06}
		{7C8BA2B1-6367-4365-8631-6E388614EC10} = {4C574942-D3F0-4F65-8AA7-D2B516ACCD06}
		{0D8AB11F-6731-4EE2-B4F8-338DE37E44B1} = {4C574942-D3F0-4F65-8AA7-D2B516ACCD06}
		{8B4779AF-0803-4F5A-85FD-4D3CD32E6B91} = {0B343201-47E9-4349-8703-E4DEBF72A61A}
	EndGlobalSection
EndGlobal
